
Microsoft Visual Studio Solution File, Format Version 12.00
# Visual Studio 15
VisualStudioVersion = 15.0.28307.2017
MinimumVisualStudioVersion = 10.0.40219.1
Project("{FAE04EC0-301F-11D3-BF4B-00C04F79EFBC}") = "HandyManSG", "HandyManSG\HandyManSG.csproj", "{CDA42A16-4349-4657-8799-6D9D19F5AF3B}"
EndProject
Global
	GlobalSection(SolutionConfigurationPlatforms) = preSolution
		Debug|Any CPU = Debug|Any CPU
		Release|Any CPU = Release|Any CPU
	EndGlobalSection
	GlobalSection(ProjectConfigurationPlatforms) = postSolution
		{CDA42A16-4349-4657-8799-6D9D19F5AF3B}.Debug|Any CPU.ActiveCfg = Debug|Any CPU
		{CDA42A16-4349-4657-8799-6D9D19F5AF3B}.Debug|Any CPU.Build.0 = Debug|Any CPU
		{CDA42A16-4349-4657-8799-6D9D19F5AF3B}.Release|Any CPU.ActiveCfg = Release|Any CPU
		{CDA42A16-4349-4657-8799-6D9D19F5AF3B}.Release|Any CPU.Build.0 = Release|Any CPU
	EndGlobalSection
	GlobalSection(SolutionProperties) = preSolution
		HideSolutionNode = FALSE
	EndGlobalSection
	GlobalSection(ExtensibilityGlobals) = postSolution
		SolutionGuid = {D44F27DA-599A-4C1F-A8C0-58CF181100A1}
	EndGlobalSection
EndGlobal
